// !$*UTF8*$!
{
	archiveVersion = 1;
	classes = {
	};
	objectVersion = 50;
	objects = {

/* Begin PBXBuildFile section */
		EB1A54D12310076800049F05 /* LoginViewController.swift in Sources */ = {isa = PBXBuildFile; fileRef = EB1A54D02310076800049F05 /* LoginViewController.swift */; };
		EB1A54D32310077700049F05 /* RegisterViewController.swift in Sources */ = {isa = PBXBuildFile; fileRef = EB1A54D22310077700049F05 /* RegisterViewController.swift */; };
		EB5DDB4B230FE3BE0087A9DD /* AppDelegate.swift in Sources */ = {isa = PBXBuildFile; fileRef = EB5DDB4A230FE3BE0087A9DD /* AppDelegate.swift */; };
		EB5DDB4D230FE3BE0087A9DD /* ViewController.swift in Sources */ = {isa = PBXBuildFile; fileRef = EB5DDB4C230FE3BE0087A9DD /* ViewController.swift */; };
		EB5DDB50230FE3BE0087A9DD /* Main.storyboard in Resources */ = {isa = PBXBuildFile; fileRef = EB5DDB4E230FE3BE0087A9DD /* Main.storyboard */; };
		EB5DDB52230FE3C00087A9DD /* Assets.xcassets in Resources */ = {isa = PBXBuildFile; fileRef = EB5DDB51230FE3C00087A9DD /* Assets.xcassets */; };
		EB5DDB55230FE3C00087A9DD /* LaunchScreen.storyboard in Resources */ = {isa = PBXBuildFile; fileRef = EB5DDB53230FE3C00087A9DD /* LaunchScreen.storyboard */; };
		EB5DDB5D230FE9310087A9DD /* GradientView.swift in Sources */ = {isa = PBXBuildFile; fileRef = EB5DDB5C230FE9310087A9DD /* GradientView.swift */; };
		EB5DDB5F230FEC810087A9DD /* RoundedView.swift in Sources */ = {isa = PBXBuildFile; fileRef = EB5DDB5E230FEC810087A9DD /* RoundedView.swift */; };
		EB5DDB61230FEDB70087A9DD /* Extension.swift in Sources */ = {isa = PBXBuildFile; fileRef = EB5DDB60230FEDB70087A9DD /* Extension.swift */; };
/* End PBXBuildFile section */

/* Begin PBXFileReference section */
		EB1A54D02310076800049F05 /* LoginViewController.swift */ = {isa = PBXFileReference; lastKnownFileType = sourcecode.swift; path = LoginViewController.swift; sourceTree = "<group>"; };
		EB1A54D22310077700049F05 /* RegisterViewController.swift */ = {isa = PBXFileReference; lastKnownFileType = sourcecode.swift; path = RegisterViewController.swift; sourceTree = "<group>"; };
		EB5DDB47230FE3BE0087A9DD /* MC3login.app */ = {isa = PBXFileReference; explicitFileType = wrapper.application; includeInIndex = 0; path = MC3login.app; sourceTree = BUILT_PRODUCTS_DIR; };
		EB5DDB4A230FE3BE0087A9DD /* AppDelegate.swift */ = {isa = PBXFileReference; lastKnownFileType = sourcecode.swift; path = AppDelegate.swift; sourceTree = "<group>"; };
		EB5DDB4C230FE3BE0087A9DD /* ViewController.swift */ = {isa = PBXFileReference; lastKnownFileType = sourcecode.swift; path = ViewController.swift; sourceTree = "<group>"; };
		EB5DDB4F230FE3BE0087A9DD /* Base */ = {isa = PBXFileReference; lastKnownFileType = file.storyboard; name = Base; path = Base.lproj/Main.storyboard; sourceTree = "<group>"; };
		EB5DDB51230FE3C00087A9DD /* Assets.xcassets */ = {isa = PBXFileReference; lastKnownFileType = folder.assetcatalog; path = Assets.xcassets; sourceTree = "<group>"; };
		EB5DDB54230FE3C00087A9DD /* Base */ = {isa = PBXFileReference; lastKnownFileType = file.storyboard; name = Base; path = Base.lproj/LaunchScreen.storyboard; sourceTree = "<group>"; };
		EB5DDB56230FE3C00087A9DD /* Info.plist */ = {isa = PBXFileReference; lastKnownFileType = text.plist.xml; path = Info.plist; sourceTree = "<group>"; };
		EB5DDB5C230FE9310087A9DD /* GradientView.swift */ = {isa = PBXFileReference; lastKnownFileType = sourcecode.swift; path = GradientView.swift; sourceTree = "<group>"; };
		EB5DDB5E230FEC810087A9DD /* RoundedView.swift */ = {isa = PBXFileReference; lastKnownFileType = sourcecode.swift; path = RoundedView.swift; sourceTree = "<group>"; };
		EB5DDB60230FEDB70087A9DD /* Extension.swift */ = {isa = PBXFileReference; lastKnownFileType = sourcecode.swift; path = Extension.swift; sourceTree = "<group>"; };
/* End PBXFileReference section */

/* Begin PBXFrameworksBuildPhase section */
		EB5DDB44230FE3BE0087A9DD /* Frameworks */ = {
			isa = PBXFrameworksBuildPhase;
			buildActionMask = 2147483647;
			files = (
			);
			runOnlyForDeploymentPostprocessing = 0;
		};
/* End PBXFrameworksBuildPhase section */

/* Begin PBXGroup section */
		EB5DDB3E230FE3BE0087A9DD = {
			isa = PBXGroup;
			children = (
				EB5DDB49230FE3BE0087A9DD /* MC3login */,
				EB5DDB48230FE3BE0087A9DD /* Products */,
			);
			sourceTree = "<group>";
		};
		EB5DDB48230FE3BE0087A9DD /* Products */ = {
			isa = PBXGroup;
			children = (
				EB5DDB47230FE3BE0087A9DD /* MC3login.app */,
			);
			name = Products;
			sourceTree = "<group>";
		};
		EB5DDB49230FE3BE0087A9DD /* MC3login */ = {
			isa = PBXGroup;
			children = (
				EB5DDB4A230FE3BE0087A9DD /* AppDelegate.swift */,
				EB5DDB4C230FE3BE0087A9DD /* ViewController.swift */,
				EB5DDB4E230FE3BE0087A9DD /* Main.storyboard */,
				EB5DDB51230FE3C00087A9DD /* Assets.xcassets */,
				EB5DDB53230FE3C00087A9DD /* LaunchScreen.storyboard */,
				EB5DDB56230FE3C00087A9DD /* Info.plist */,
				EB5DDB5C230FE9310087A9DD /* GradientView.swift */,
				EB5DDB5E230FEC810087A9DD /* RoundedView.swift */,
				EB5DDB60230FEDB70087A9DD /* Extension.swift */,
				EB1A54D02310076800049F05 /* LoginViewController.swift */,
				EB1A54D22310077700049F05 /* RegisterViewController.swift */,
			);
			path = MC3login;
			sourceTree = "<group>";
		};
/* End PBXGroup section */

/* Begin PBXNativeTarget section */
		EB5DDB46230FE3BE0087A9DD /* MC3login */ = {
			isa = PBXNativeTarget;
			buildConfigurationList = EB5DDB59230FE3C00087A9DD /* Build configuration list for PBXNativeTarget "MC3login" */;
			buildPhases = (
				EB5DDB43230FE3BE0087A9DD /* Sources */,
				EB5DDB44230FE3BE0087A9DD /* Frameworks */,
				EB5DDB45230FE3BE0087A9DD /* Resources */,
			);
			buildRules = (
			);
			dependencies = (
			);
			name = MC3login;
			productName = MC3login;
			productReference = EB5DDB47230FE3BE0087A9DD /* MC3login.app */;
			productType = "com.apple.product-type.application";
		};
/* End PBXNativeTarget section */

/* Begin PBXProject section */
		EB5DDB3F230FE3BE0087A9DD /* Project object */ = {
			isa = PBXProject;
			attributes = {
				LastSwiftUpdateCheck = 1030;
				LastUpgradeCheck = 1030;
				ORGANIZATIONNAME = fauzify;
				TargetAttributes = {
					EB5DDB46230FE3BE0087A9DD = {
						CreatedOnToolsVersion = 10.3;
					};
				};
			};
			buildConfigurationList = EB5DDB42230FE3BE0087A9DD /* Build configuration list for PBXProject "MC3login" */;
			compatibilityVersion = "Xcode 9.3";
			developmentRegion = en;
			hasScannedForEncodings = 0;
			knownRegions = (
				en,
				Base,
			);
			mainGroup = EB5DDB3E230FE3BE0087A9DD;
			productRefGroup = EB5DDB48230FE3BE0087A9DD /* Products */;
			projectDirPath = "";
			projectRoot = "";
			targets = (
				EB5DDB46230FE3BE0087A9DD /* MC3login */,
			);
		};
/* End PBXProject section */

/* Begin PBXResourcesBuildPhase section */
		EB5DDB45230FE3BE0087A9DD /* Resources */ = {
			isa = PBXResourcesBuildPhase;
			buildActionMask = 2147483647;
			files = (
				EB5DDB55230FE3C00087A9DD /* LaunchScreen.storyboard in Resources */,
				EB5DDB52230FE3C00087A9DD /* Assets.xcassets in Resources */,
				EB5DDB50230FE3BE0087A9DD /* Main.storyboard in Resources */,
			);
			runOnlyForDeploymentPostprocessing = 0;
		};
/* End PBXResourcesBuildPhase section */

/* Begin PBXSourcesBuildPhase section */
		EB5DDB43230FE3BE0087A9DD /* Sources */ = {
			isa = PBXSourcesBuildPhase;
			buildActionMask = 2147483647;
			files = (
				EB1A54D12310076800049F05 /* LoginViewController.swift in Sources */,
				EB5DDB61230FEDB70087A9DD /* Extension.swift in Sources */,
				EB1A54D32310077700049F05 /* RegisterViewController.swift in Sources */,
				EB5DDB5F230FEC810087A9DD /* RoundedView.swift in Sources */,
				EB5DDB4D230FE3BE0087A9DD /* ViewController.swift in Sources */,
				EB5DDB4B230FE3BE0087A9DD /* AppDelegate.swift in Sources */,
				EB5DDB5D230FE9310087A9DD /* GradientView.swift in Sources */,
			);
			runOnlyForDeploymentPostprocessing = 0;
		};
/* End PBXSourcesBuildPhase section */

/* Begin PBXVariantGroup section */
		EB5DDB4E230FE3BE0087A9DD /* Main.storyboard */ = {
			isa = PBXVariantGroup;
			children = (
				EB5DDB4F230FE3BE0087A9DD /* Base */,
			);
			name = Main.storyboard;
			sourceTree = "<group>";
		};
		EB5DDB53230FE3C00087A9DD /* LaunchScreen.storyboard */ = {
			isa = PBXVariantGroup;
			children = (
				EB5DDB54230FE3C00087A9DD /* Base */,
			);
			name = LaunchScreen.storyboard;
			sourceTree = "<group>";
		};
/* End PBXVariantGroup section */

/* Begin XCBuildConfiguration section */
		EB5DDB57230FE3C00087A9DD /* Debug */ = {
			isa = XCBuildConfiguration;
			buildSettings = {
				ALWAYS_SEARCH_USER_PATHS = NO;
				CLANG_ANALYZER_NONNULL = YES;
				CLANG_ANALYZER_NUMBER_OBJECT_CONVERSION = YES_AGGRESSIVE;
				CLANG_CXX_LANGUAGE_STANDARD = "gnu++14";
				CLANG_CXX_LIBRARY = "libc++";
				CLANG_ENABLE_MODULES = YES;
				CLANG_ENABLE_OBJC_ARC = YES;
				CLANG_ENABLE_OBJC_WEAK = YES;
				CLANG_WARN_BLOCK_CAPTURE_AUTORELEASING = YES;
				CLANG_WARN_BOOL_CONVERSION = YES;
				CLANG_WARN_COMMA = YES;
				CLANG_WARN_CONSTANT_CONVERSION = YES;
				CLANG_WARN_DEPRECATED_OBJC_IMPLEMENTATIONS = YES;
				CLANG_WARN_DIRECT_OBJC_ISA_USAGE = YES_ERROR;
				CLANG_WARN_DOCUMENTATION_COMMENTS = YES;
				CLANG_WARN_EMPTY_BODY = YES;
				CLANG_WARN_ENUM_CONVERSION = YES;
				CLANG_WARN_INFINITE_RECURSION = YES;
				CLANG_WARN_INT_CONVERSION = YES;
				CLANG_WARN_NON_LITERAL_NULL_CONVERSION = YES;
				CLANG_WARN_OBJC_IMPLICIT_RETAIN_SELF = YES;
				CLANG_WARN_OBJC_LITERAL_CONVERSION = YES;
				CLANG_WARN_OBJC_ROOT_CLASS = YES_ERROR;
				CLANG_WARN_RANGE_LOOP_ANALYSIS = YES;
				CLANG_WARN_STRICT_PROTOTYPES = YES;
				CLANG_WARN_SUSPICIOUS_MOVE = YES;
				CLANG_WARN_UNGUARDED_AVAILABILITY = YES_AGGRESSIVE;
				CLANG_WARN_UNREACHABLE_CODE = YES;
				CLANG_WARN__DUPLICATE_METHOD_MATCH = YES;
				CODE_SIGN_IDENTITY = "iPhone Developer";
				COPY_PHASE_STRIP = NO;
				DEBUG_INFORMATION_FORMAT = dwarf;
				ENABLE_STRICT_OBJC_MSGSEND = YES;
				ENABLE_TESTABILITY = YES;
				GCC_C_LANGUAGE_STANDARD = gnu11;
				GCC_DYNAMIC_NO_PIC = NO;
				GCC_NO_COMMON_BLOCKS = YES;
				GCC_OPTIMIZATION_LEVEL = 0;
				GCC_PREPROCESSOR_DEFINITIONS = (
					"DEBUG=1",
					"$(inherited)",
				);
				GCC_WARN_64_TO_32_BIT_CONVERSION = YES;
				GCC_WARN_ABOUT_RETURN_TYPE = YES_ERROR;
				GCC_WARN_UNDECLARED_SELECTOR = YES;
				GCC_WARN_UNINITIALIZED_AUTOS = YES_AGGRESSIVE;
				GCC_WARN_UNUSED_FUNCTION = YES;
				GCC_WARN_UNUSED_VARIABLE = YES;
				IPHONEOS_DEPLOYMENT_TARGET = 12.4;
				MTL_ENABLE_DEBUG_INFO = INCLUDE_SOURCE;
				MTL_FAST_MATH = YES;
				ONLY_ACTIVE_ARCH = YES;
				SDKROOT = iphoneos;
				SWIFT_ACTIVE_COMPILATION_CONDITIONS = DEBUG;
				SWIFT_OPTIMIZATION_LEVEL = "-Onone";
			};
			name = Debug;
		};
		EB5DDB58230FE3C00087A9DD /* Release */ = {
			isa = XCBuildConfiguration;
			buildSettings = {
				ALWAYS_SEARCH_USER_PATHS = NO;
				CLANG_ANALYZER_NONNULL = YES;
				CLANG_ANALYZER_NUMBER_OBJECT_CONVERSION = YES_AGGRESSIVE;
				CLANG_CXX_LANGUAGE_STANDARD = "gnu++14";
				CLANG_CXX_LIBRARY = "libc++";
				CLANG_ENABLE_MODULES = YES;
				CLANG_ENABLE_OBJC_ARC = YES;
				CLANG_ENABLE_OBJC_WEAK = YES;
				CLANG_WARN_BLOCK_CAPTURE_AUTORELEASING = YES;
				CLANG_WARN_BOOL_CONVERSION = YES;
				CLANG_WARN_COMMA = YES;
				CLANG_WARN_CONSTANT_CONVERSION = YES;
				CLANG_WARN_DEPRECATED_OBJC_IMPLEMENTATIONS = YES;
				CLANG_WARN_DIRECT_OBJC_ISA_USAGE = YES_ERROR;
				CLANG_WARN_DOCUMENTATION_COMMENTS = YES;
				CLANG_WARN_EMPTY_BODY = YES;
				CLANG_WARN_ENUM_CONVERSION = YES;
				CLANG_WARN_INFINITE_RECURSION = YES;
				CLANG_WARN_INT_CONVERSION = YES;
				CLANG_WARN_NON_LITERAL_NULL_CONVERSION = YES;
				CLANG_WARN_OBJC_IMPLICIT_RETAIN_SELF = YES;
				CLANG_WARN_OBJC_LITERAL_CONVERSION = YES;
				CLANG_WARN_OBJC_ROOT_CLASS = YES_ERROR;
				CLANG_WARN_RANGE_LOOP_ANALYSIS = YES;
				CLANG_WARN_STRICT_PROTOTYPES = YES;
				CLANG_WARN_SUSPICIOUS_MOVE = YES;
				CLANG_WARN_UNGUARDED_AVAILABILITY = YES_AGGRESSIVE;
				CLANG_WARN_UNREACHABLE_CODE = YES;
				CLANG_WARN__DUPLICATE_METHOD_MATCH = YES;
				CODE_SIGN_IDENTITY = "iPhone Developer";
				COPY_PHASE_STRIP = NO;
				DEBUG_INFORMATION_FORMAT = "dwarf-with-dsym";
				ENABLE_NS_ASSERTIONS = NO;
				ENABLE_STRICT_OBJC_MSGSEND = YES;
				GCC_C_LANGUAGE_STANDARD = gnu11;
				GCC_NO_COMMON_BLOCKS = YES;
				GCC_WARN_64_TO_32_BIT_CONVERSION = YES;
				GCC_WARN_ABOUT_RETURN_TYPE = YES_ERROR;
				GCC_WARN_UNDECLARED_SELECTOR = YES;
				GCC_WARN_UNINITIALIZED_AUTOS = YES_AGGRESSIVE;
				GCC_WARN_UNUSED_FUNCTION = YES;
				GCC_WARN_UNUSED_VARIABLE = YES;
				IPHONEOS_DEPLOYMENT_TARGET = 12.4;
				MTL_ENABLE_DEBUG_INFO = NO;
				MTL_FAST_MATH = YES;
				SDKROOT = iphoneos;
				SWIFT_COMPILATION_MODE = wholemodule;
				SWIFT_OPTIMIZATION_LEVEL = "-O";
				VALIDATE_PRODUCT = YES;
			};
			name = Release;
		};
		EB5DDB5A230FE3C00087A9DD /* Debug */ = {
			isa = XCBuildConfiguration;
			buildSettings = {
				ASSETCATALOG_COMPILER_APPICON_NAME = AppIcon;
				CODE_SIGN_STYLE = Automatic;
				DEVELOPMENT_TEAM = 46X9JWL5UU;
				INFOPLIST_FILE = MC3login/Info.plist;
				LD_RUNPATH_SEARCH_PATHS = (
					"$(inherited)",
					"@executable_path/Frameworks",
				);
				PRODUCT_BUNDLE_IDENTIFIER = com.fauzify.MC3login;
				PRODUCT_NAME = "$(TARGET_NAME)";
				SWIFT_VERSION = 5.0;
				TARGETED_DEVICE_FAMILY = "1,2";
			};
			name = Debug;
		};
		EB5DDB5B230FE3C00087A9DD /* Release */ = {
			isa = XCBuildConfiguration;
			buildSettings = {
				ASSETCATALOG_COMPILER_APPICON_NAME = AppIcon;
				CODE_SIGN_STYLE = Automatic;
				DEVELOPMENT_TEAM = 46X9JWL5UU;
				INFOPLIST_FILE = MC3login/Info.plist;
				LD_RUNPATH_SEARCH_PATHS = (
					"$(inherited)",
					"@executable_path/Frameworks",
				);
				PRODUCT_BUNDLE_IDENTIFIER = com.fauzify.MC3login;
				PRODUCT_NAME = "$(TARGET_NAME)";
				SWIFT_VERSION = 5.0;
				TARGETED_DEVICE_FAMILY = "1,2";
			};
			name = Release;
		};
/* End XCBuildConfiguration section */

/* Begin XCConfigurationList section */
		EB5DDB42230FE3BE0087A9DD /* Build configuration list for PBXProject "MC3login" */ = {
			isa = XCConfigurationList;
			buildConfigurations = (
				EB5DDB57230FE3C00087A9DD /* Debug */,
				EB5DDB58230FE3C00087A9DD /* Release */,
			);
			defaultConfigurationIsVisible = 0;
			defaultConfigurationName = Release;
		};
		EB5DDB59230FE3C00087A9DD /* Build configuration list for PBXNativeTarget "MC3login" */ = {
			isa = XCConfigurationList;
			buildConfigurations = (
				EB5DDB5A230FE3C00087A9DD /* Debug */,
				EB5DDB5B230FE3C00087A9DD /* Release */,
			);
			defaultConfigurationIsVisible = 0;
			defaultConfigurationName = Release;
		};
/* End XCConfigurationList section */
	};
	rootObject = EB5DDB3F230FE3BE0087A9DD /* Project object */;
}
